// !$*UTF8*$!
{
	archiveVersion = 1;
	classes = {
	};
	objectVersion = 46;
	objects = {

/* Begin PBXBuildFile section */
		187186B21A7F2DD400B04484 /* AppDelegate.swift in Sources */ = {isa = PBXBuildFile; fileRef = 187186A71A7F2DD400B04484 /* AppDelegate.swift */; };
		187186B31A7F2DD400B04484 /* LaunchScreen.xib in Resources */ = {isa = PBXBuildFile; fileRef = 187186A81A7F2DD400B04484 /* LaunchScreen.xib */; };
		187186B41A7F2DD400B04484 /* Main.storyboard in Resources */ = {isa = PBXBuildFile; fileRef = 187186AA1A7F2DD400B04484 /* Main.storyboard */; };
		187186B51A7F2DD400B04484 /* Images.xcassets in Resources */ = {isa = PBXBuildFile; fileRef = 187186AC1A7F2DD400B04484 /* Images.xcassets */; };
		187186B71A7F2DD400B04484 /* ViewController.swift in Sources */ = {isa = PBXBuildFile; fileRef = 187186AE1A7F2DD400B04484 /* ViewController.swift */; };
		187186BB1A7F2E4E00B04484 /* Info.plist in Resources */ = {isa = PBXBuildFile; fileRef = 187186BA1A7F2E4E00B04484 /* Info.plist */; };
/* End PBXBuildFile section */

/* Begin PBXFileReference section */
		187186A71A7F2DD400B04484 /* AppDelegate.swift */ = {isa = PBXFileReference; fileEncoding = 4; lastKnownFileType = sourcecode.swift; path = AppDelegate.swift; sourceTree = "<group>"; };
		187186A91A7F2DD400B04484 /* Base */ = {isa = PBXFileReference; lastKnownFileType = file.xib; name = Base; path = Base.lproj/LaunchScreen.xib; sourceTree = "<group>"; };
		187186AB1A7F2DD400B04484 /* Base */ = {isa = PBXFileReference; lastKnownFileType = file.storyboard; name = Base; path = Base.lproj/Main.storyboard; sourceTree = "<group>"; };
		187186AC1A7F2DD400B04484 /* Images.xcassets */ = {isa = PBXFileReference; lastKnownFileType = folder.assetcatalog; path = Images.xcassets; sourceTree = "<group>"; };
		187186AE1A7F2DD400B04484 /* ViewController.swift */ = {isa = PBXFileReference; fileEncoding = 4; lastKnownFileType = sourcecode.swift; path = ViewController.swift; sourceTree = "<group>"; };
		187186BA1A7F2E4E00B04484 /* Info.plist */ = {isa = PBXFileReference; fileEncoding = 4; lastKnownFileType = text.plist.xml; path = Info.plist; sourceTree = "<group>"; };
		18C5B45D1A7B2FF30077318E /* CoreMotionDemo.app */ = {isa = PBXFileReference; explicitFileType = wrapper.application; includeInIndex = 0; path = CoreMotionDemo.app; sourceTree = BUILT_PRODUCTS_DIR; };
/* End PBXFileReference section */

/* Begin PBXFrameworksBuildPhase section */
		18C5B45A1A7B2FF30077318E /* Frameworks */ = {
			isa = PBXFrameworksBuildPhase;
			buildActionMask = 2147483647;
			files = (
			);
			runOnlyForDeploymentPostprocessing = 0;
		};
/* End PBXFrameworksBuildPhase section */

/* Begin PBXGroup section */
		187186A61A7F2DD400B04484 /* CoreMotionDemo */ = {
			isa = PBXGroup;
			children = (
				187186BC1A7F2E5600B04484 /* Supporting Files */,
				187186A71A7F2DD400B04484 /* AppDelegate.swift */,
				187186A81A7F2DD400B04484 /* LaunchScreen.xib */,
				187186AA1A7F2DD400B04484 /* Main.storyboard */,
				187186AC1A7F2DD400B04484 /* Images.xcassets */,
				187186AE1A7F2DD400B04484 /* ViewController.swift */,
			);
			path = CoreMotionDemo;
			sourceTree = "<group>";
		};
		187186BC1A7F2E5600B04484 /* Supporting Files */ = {
			isa = PBXGroup;
			children = (
				187186BA1A7F2E4E00B04484 /* Info.plist */,
			);
			name = "Supporting Files";
			sourceTree = "<group>";
		};
		18C5B4541A7B2FF30077318E = {
			isa = PBXGroup;
			children = (
				187186A61A7F2DD400B04484 /* CoreMotionDemo */,
				18C5B45E1A7B2FF30077318E /* Products */,
			);
			sourceTree = "<group>";
		};
		18C5B45E1A7B2FF30077318E /* Products */ = {
			isa = PBXGroup;
			children = (
				18C5B45D1A7B2FF30077318E /* CoreMotionDemo.app */,
			);
			name = Products;
			sourceTree = "<group>";
		};
/* End PBXGroup section */

/* Begin PBXNativeTarget section */
		18C5B45C1A7B2FF30077318E /* CoreMotionDemo */ = {
			isa = PBXNativeTarget;
			buildConfigurationList = 18C5B47C1A7B2FF30077318E /* Build configuration list for PBXNativeTarget "CoreMotionDemo" */;
			buildPhases = (
				18C5B4591A7B2FF30077318E /* Sources */,
				18C5B45A1A7B2FF30077318E /* Frameworks */,
				18C5B45B1A7B2FF30077318E /* Resources */,
			);
			buildRules = (
			);
			dependencies = (
			);
			name = CoreMotionDemo;
			productName = AccelerometerDemo;
			productReference = 18C5B45D1A7B2FF30077318E /* CoreMotionDemo.app */;
			productType = "com.apple.product-type.application";
		};
/* End PBXNativeTarget section */

/* Begin PBXProject section */
		18C5B4551A7B2FF30077318E /* Project object */ = {
			isa = PBXProject;
			attributes = {
				LastUpgradeCheck = 0610;
				ORGANIZATIONNAME = "Pitchko Technology";
				TargetAttributes = {
					18C5B45C1A7B2FF30077318E = {
						CreatedOnToolsVersion = 6.1.1;
						DevelopmentTeam = ARWP59A6T9;
					};
				};
			};
			buildConfigurationList = 18C5B4581A7B2FF30077318E /* Build configuration list for PBXProject "CoreMotionDemo" */;
			compatibilityVersion = "Xcode 3.2";
			developmentRegion = English;
			hasScannedForEncodings = 0;
			knownRegions = (
				en,
				Base,
			);
			mainGroup = 18C5B4541A7B2FF30077318E;
			productRefGroup = 18C5B45E1A7B2FF30077318E /* Products */;
			projectDirPath = "";
			projectRoot = "";
			targets = (
				18C5B45C1A7B2FF30077318E /* CoreMotionDemo */,
			);
		};
/* End PBXProject section */

/* Begin PBXResourcesBuildPhase section */
		18C5B45B1A7B2FF30077318E /* Resources */ = {
			isa = PBXResourcesBuildPhase;
			buildActionMask = 2147483647;
			files = (
				187186BB1A7F2E4E00B04484 /* Info.plist in Resources */,
				187186B51A7F2DD400B04484 /* Images.xcassets in Resources */,
				187186B31A7F2DD400B04484 /* LaunchScreen.xib in Resources */,
				187186B41A7F2DD400B04484 /* Main.storyboard in Resources */,
			);
			runOnlyForDeploymentPostprocessing = 0;
		};
/* End PBXResourcesBuildPhase section */

/* Begin PBXSourcesBuildPhase section */
		18C5B4591A7B2FF30077318E /* Sources */ = {
			isa = PBXSourcesBuildPhase;
			buildActionMask = 2147483647;
			files = (
				187186B71A7F2DD400B04484 /* ViewController.swift in Sources */,
				187186B21A7F2DD400B04484 /* AppDelegate.swift in Sources */,
			);
			runOnlyForDeploymentPostprocessing = 0;
		};
/* End PBXSourcesBuildPhase section */

/* Begin PBXVariantGroup section */
		187186A81A7F2DD400B04484 /* LaunchScreen.xib */ = {
			isa = PBXVariantGroup;
			children = (
				187186A91A7F2DD400B04484 /* Base */,
			);
			name = LaunchScreen.xib;
			sourceTree = "<group>";
		};
		187186AA1A7F2DD400B04484 /* Main.storyboard */ = {
			isa = PBXVariantGroup;
			children = (
				187186AB1A7F2DD400B04484 /* Base */,
			);
			name = Main.storyboard;
			sourceTree = "<group>";
		};
/* End PBXVariantGroup section */

/* Begin XCBuildConfiguration section */
		18C5B47A1A7B2FF30077318E /* Debug */ = {
			isa = XCBuildConfiguration;
			buildSettings = {
				ALWAYS_SEARCH_USER_PATHS = NO;
				CLANG_CXX_LANGUAGE_STANDARD = "gnu++0x";
				CLANG_CXX_LIBRARY = "libc++";
				CLANG_ENABLE_MODULES = YES;
				CLANG_ENABLE_OBJC_ARC = YES;
				CLANG_WARN_BOOL_CONVERSION = YES;
				CLANG_WARN_CONSTANT_CONVERSION = YES;
				CLANG_WARN_DIRECT_OBJC_ISA_USAGE = YES_ERROR;
				CLANG_WARN_EMPTY_BODY = YES;
				CLANG_WARN_ENUM_CONVERSION = YES;
				CLANG_WARN_INT_CONVERSION = YES;
				CLANG_WARN_OBJC_ROOT_CLASS = YES_ERROR;
				CLANG_WARN_UNREACHABLE_CODE = YES;
				CLANG_WARN__DUPLICATE_METHOD_MATCH = YES;
				"CODE_SIGN_IDENTITY[sdk=iphoneos*]" = "iPhone Developer";
				COPY_PHASE_STRIP = NO;
				ENABLE_STRICT_OBJC_MSGSEND = YES;
				GCC_C_LANGUAGE_STANDARD = gnu99;
				GCC_DYNAMIC_NO_PIC = NO;
				GCC_OPTIMIZATION_LEVEL = 0;
				GCC_PREPROCESSOR_DEFINITIONS = (
					"DEBUG=1",
					"$(inherited)",
				);
				GCC_SYMBOLS_PRIVATE_EXTERN = NO;
				GCC_WARN_64_TO_32_BIT_CONVERSION = YES;
				GCC_WARN_ABOUT_RETURN_TYPE = YES_ERROR;
				GCC_WARN_UNDECLARED_SELECTOR = YES;
				GCC_WARN_UNINITIALIZED_AUTOS = YES_AGGRESSIVE;
				GCC_WARN_UNUSED_FUNCTION = YES;
				GCC_WARN_UNUSED_VARIABLE = YES;
				IPHONEOS_DEPLOYMENT_TARGET = 8.1;
				MTL_ENABLE_DEBUG_INFO = YES;
				ONLY_ACTIVE_ARCH = YES;
				SDKROOT = iphoneos;
				SWIFT_OPTIMIZATION_LEVEL = "-Onone";
				TARGETED_DEVICE_FAMILY = "1,2";
			};
			name = Debug;
		};
		18C5B47B1A7B2FF30077318E /* Release */ = {
			isa = XCBuildConfiguration;
			buildSettings = {
				ALWAYS_SEARCH_USER_PATHS = NO;
				CLANG_CXX_LANGUAGE_STANDARD = "gnu++0x";
				CLANG_CXX_LIBRARY = "libc++";
				CLANG_ENABLE_MODULES = YES;
				CLANG_ENABLE_OBJC_ARC = YES;
				CLANG_WARN_BOOL_CONVERSION = YES;
				CLANG_WARN_CONSTANT_CONVERSION = YES;
				CLANG_WARN_DIRECT_OBJC_ISA_USAGE = YES_ERROR;
				CLANG_WARN_EMPTY_BODY = YES;
				CLANG_WARN_ENUM_CONVERSION = YES;
				CLANG_WARN_INT_CONVERSION = YES;
				CLANG_WARN_OBJC_ROOT_CLASS = YES_ERROR;
				CLANG_WARN_UNREACHABLE_CODE = YES;
				CLANG_WARN__DUPLICATE_METHOD_MATCH = YES;
				"CODE_SIGN_IDENTITY[sdk=iphoneos*]" = "iPhone Developer";
				COPY_PHASE_STRIP = YES;
				ENABLE_NS_ASSERTIONS = NO;
				ENABLE_STRICT_OBJC_MSGSEND = YES;
				GCC_C_LANGUAGE_STANDARD = gnu99;
				GCC_WARN_64_TO_32_BIT_CONVERSION = YES;
				GCC_WARN_ABOUT_RETURN_TYPE = YES_ERROR;
				GCC_WARN_UNDECLARED_SELECTOR = YES;
				GCC_WARN_UNINITIALIZED_AUTOS = YES_AGGRESSIVE;
				GCC_WARN_UNUSED_FUNCTION = YES;
				GCC_WARN_UNUSED_VARIABLE = YES;
				IPHONEOS_DEPLOYMENT_TARGET = 8.1;
				MTL_ENABLE_DEBUG_INFO = NO;
				SDKROOT = iphoneos;
				TARGETED_DEVICE_FAMILY = "1,2";
				VALIDATE_PRODUCT = YES;
			};
			name = Release;
		};
		18C5B47D1A7B2FF30077318E /* Debug */ = {
			isa = XCBuildConfiguration;
			buildSettings = {
				ASSETCATALOG_COMPILER_APPICON_NAME = AppIcon;
				CODE_SIGN_IDENTITY = "iPhone Developer";
				INFOPLIST_FILE = "$(SRCROOT)/CoreMotionDemo/Info.plist";
				LD_RUNPATH_SEARCH_PATHS = "$(inherited) @executable_path/Frameworks";
				PRODUCT_NAME = CoreMotionDemo;
			};
			name = Debug;
		};
		18C5B47E1A7B2FF30077318E /* Release */ = {
			isa = XCBuildConfiguration;
			buildSettings = {
				ASSETCATALOG_COMPILER_APPICON_NAME = AppIcon;
				CODE_SIGN_IDENTITY = "iPhone Developer";
				INFOPLIST_FILE = "$(SRCROOT)/CoreMotionDemo/Info.plist";
				LD_RUNPATH_SEARCH_PATHS = "$(inherited) @executable_path/Frameworks";
				PRODUCT_NAME = CoreMotionDemo;
			};
			name = Release;
		};
/* End XCBuildConfiguration section */

/* Begin XCConfigurationList section */
		18C5B4581A7B2FF30077318E /* Build configuration list for PBXProject "CoreMotionDemo" */ = {
			isa = XCConfigurationList;
			buildConfigurations = (
				18C5B47A1A7B2FF30077318E /* Debug */,
				18C5B47B1A7B2FF30077318E /* Release */,
			);
			defaultConfigurationIsVisible = 0;
			defaultConfigurationName = Release;
		};
		18C5B47C1A7B2FF30077318E /* Build configuration list for PBXNativeTarget "CoreMotionDemo" */ = {
			isa = XCConfigurationList;
			buildConfigurations = (
				18C5B47D1A7B2FF30077318E /* Debug */,
				18C5B47E1A7B2FF30077318E /* Release */,
			);
			defaultConfigurationIsVisible = 0;
			defaultConfigurationName = Release;
		};
/* End XCConfigurationList section */
	};
	rootObject = 18C5B4551A7B2FF30077318E /* Project object */;
}
